
Microsoft Visual Studio Solution File, Format Version 12.00
# Visual Studio 2013
VisualStudioVersion = 12.0.40629.0
MinimumVisualStudioVersion = 10.0.40219.1
Project("{FAE04EC0-301F-11D3-BF4B-00C04F79EFBC}") = "System.Windows.Forms.Ribbon", "System.Windows.Forms.Ribbon\System.Windows.Forms.Ribbon.csproj", "{46A18A55-5AE8-49CE-91CD-C7421B642E7E}"
EndProject
Project("{FAE04EC0-301F-11D3-BF4B-00C04F79EFBC}") = "MagicTable", "MagicTable\MagicTable.csproj", "{B72F4D92-C1BB-4466-A2A1-CF1F30B0BBBE}"
EndProject
Project("{FAE04EC0-301F-11D3-BF4B-00C04F79EFBC}") = "FormDesign", "FormDesign\FormDesign.csproj", "{4B811BB6-C27F-44B3-ADBD-CD047C4B5184}"
EndProject
Project("{FAE04EC0-301F-11D3-BF4B-00C04F79EFBC}") = "Common", "DAO Service\Common\Common.csproj", "{2CBA09A1-ED18-4DD6-B206-9C204A7ECA11}"
EndProject
Project("{FAE04EC0-301F-11D3-BF4B-00C04F79EFBC}") = "Bll", "DAO Service\Bll\Bll.csproj", "{DDE6FEC4-B3D4-434F-859B-049110EFD045}"
EndProject
Project("{FAE04EC0-301F-11D3-BF4B-00C04F79EFBC}") = "ReoGrid", "..\DemoOfReoGrid\ReoGrid\ReoGrid.csproj", "{8B62357A-ABBC-4DB0-8633-F1D6A6C1EA53}"
EndProject
Project("{FAE04EC0-301F-11D3-BF4B-00C04F79EFBC}") = "TabControlEx", "TabControlEx\TabControlEx.csproj", "{9DF2B67B-5453-42B5-8CFC-3AB8C1CF3317}"
EndProject
Project("{FAE04EC0-301F-11D3-BF4B-00C04F79EFBC}") = "TemplateCustom", "TemplateCustom\TemplateCustom.csproj", "{69864F86-5943-434C-8CA2-8F8D10E86C8A}"
EndProject
Global
	GlobalSection(SolutionConfigurationPlatforms) = preSolution
		Debug|Any CPU = Debug|Any CPU
		DebugAndroid|Any CPU = DebugAndroid|Any CPU
		DebugiOS|Any CPU = DebugiOS|Any CPU
		Extension|Any CPU = Extension|Any CPU
		Minimum|Any CPU = Minimum|Any CPU
		Release|Any CPU = Release|Any CPU
		WPFDebug|Any CPU = WPFDebug|Any CPU
		WPFExtension|Any CPU = WPFExtension|Any CPU
		WPFMinimum|Any CPU = WPFMinimum|Any CPU
		WPFRelease|Any CPU = WPFRelease|Any CPU
	EndGlobalSection
	GlobalSection(ProjectConfigurationPlatforms) = postSolution
		{46A18A55-5AE8-49CE-91CD-C7421B642E7E}.Debug|Any CPU.ActiveCfg = Debug|Any CPU
		{46A18A55-5AE8-49CE-91CD-C7421B642E7E}.Debug|Any CPU.Build.0 = Debug|Any CPU
		{46A18A55-5AE8-49CE-91CD-C7421B642E7E}.DebugAndroid|Any CPU.ActiveCfg = Debug|Any CPU
		{46A18A55-5AE8-49CE-91CD-C7421B642E7E}.DebugAndroid|Any CPU.Build.0 = Debug|Any CPU
		{46A18A55-5AE8-49CE-91CD-C7421B642E7E}.DebugiOS|Any CPU.ActiveCfg = Debug|Any CPU
		{46A18A55-5AE8-49CE-91CD-C7421B642E7E}.DebugiOS|Any CPU.Build.0 = Debug|Any CPU
		{46A18A55-5AE8-49CE-91CD-C7421B642E7E}.Extension|Any CPU.ActiveCfg = Release|Any CPU
		{46A18A55-5AE8-49CE-91CD-C7421B642E7E}.Extension|Any CPU.Build.0 = Release|Any CPU
		{46A18A55-5AE8-49CE-91CD-C7421B642E7E}.Minimum|Any CPU.ActiveCfg = Release|Any CPU
		{46A18A55-5AE8-49CE-91CD-C7421B642E7E}.Minimum|Any CPU.Build.0 = Release|Any CPU
		{46A18A55-5AE8-49CE-91CD-C7421B642E7E}.Release|Any CPU.ActiveCfg = Release|Any CPU
		{46A18A55-5AE8-49CE-91CD-C7421B642E7E}.Release|Any CPU.Build.0 = Release|Any CPU
		{46A18A55-5AE8-49CE-91CD-C7421B642E7E}.WPFDebug|Any CPU.ActiveCfg = Debug|Any CPU
		{46A18A55-5AE8-49CE-91CD-C7421B642E7E}.WPFDebug|Any CPU.Build.0 = Debug|Any CPU
		{46A18A55-5AE8-49CE-91CD-C7421B642E7E}.WPFExtension|Any CPU.ActiveCfg = Release|Any CPU
		{46A18A55-5AE8-49CE-91CD-C7421B642E7E}.WPFExtension|Any CPU.Build.0 = Release|Any CPU
		{46A18A55-5AE8-49CE-91CD-C7421B642E7E}.WPFMinimum|Any CPU.ActiveCfg = Release|Any CPU
		{46A18A55-5AE8-49CE-91CD-C7421B642E7E}.WPFMinimum|Any CPU.Build.0 = Release|Any CPU
		{46A18A55-5AE8-49CE-91CD-C7421B642E7E}.WPFRelease|Any CPU.ActiveCfg = Release|Any CPU
		{46A18A55-5AE8-49CE-91CD-C7421B642E7E}.WPFRelease|Any CPU.Build.0 = Release|Any CPU
		{B72F4D92-C1BB-4466-A2A1-CF1F30B0BBBE}.Debug|Any CPU.ActiveCfg = Debug|Any CPU
		{B72F4D92-C1BB-4466-A2A1-CF1F30B0BBBE}.Debug|Any CPU.Build.0 = Debug|Any CPU
		{B72F4D92-C1BB-4466-A2A1-CF1F30B0BBBE}.DebugAndroid|Any CPU.ActiveCfg = Debug|Any CPU
		{B72F4D92-C1BB-4466-A2A1-CF1F30B0BBBE}.DebugAndroid|Any CPU.Build.0 = Debug|Any CPU
		{B72F4D92-C1BB-4466-A2A1-CF1F30B0BBBE}.DebugiOS|Any CPU.ActiveCfg = Debug|Any CPU
		{B72F4D92-C1BB-4466-A2A1-CF1F30B0BBBE}.DebugiOS|Any CPU.Build.0 = Debug|Any CPU
		{B72F4D92-C1BB-4466-A2A1-CF1F30B0BBBE}.Extension|Any CPU.ActiveCfg = Release|Any CPU
		{B72F4D92-C1BB-4466-A2A1-CF1F30B0BBBE}.Extension|Any CPU.Build.0 = Release|Any CPU
		{B72F4D92-C1BB-4466-A2A1-CF1F30B0BBBE}.Minimum|Any CPU.ActiveCfg = Release|Any CPU
		{B72F4D92-C1BB-4466-A2A1-CF1F30B0BBBE}.Minimum|Any CPU.Build.0 = Release|Any CPU
		{B72F4D92-C1BB-4466-A2A1-CF1F30B0BBBE}.Release|Any CPU.ActiveCfg = Release|Any CPU
		{B72F4D92-C1BB-4466-A2A1-CF1F30B0BBBE}.Release|Any CPU.Build.0 = Release|Any CPU
		{B72F4D92-C1BB-4466-A2A1-CF1F30B0BBBE}.WPFDebug|Any CPU.ActiveCfg = Debug|Any CPU
		{B72F4D92-C1BB-4466-A2A1-CF1F30B0BBBE}.WPFDebug|Any CPU.Build.0 = Debug|Any CPU
		{B72F4D92-C1BB-4466-A2A1-CF1F30B0BBBE}.WPFExtension|Any CPU.ActiveCfg = Release|Any CPU
		{B72F4D92-C1BB-4466-A2A1-CF1F30B0BBBE}.WPFExtension|Any CPU.Build.0 = Release|Any CPU
		{B72F4D92-C1BB-4466-A2A1-CF1F30B0BBBE}.WPFMinimum|Any CPU.ActiveCfg = Release|Any CPU
		{B72F4D92-C1BB-4466-A2A1-CF1F30B0BBBE}.WPFMinimum|Any CPU.Build.0 = Release|Any CPU
		{B72F4D92-C1BB-4466-A2A1-CF1F30B0BBBE}.WPFRelease|Any CPU.ActiveCfg = Release|Any CPU
		{B72F4D92-C1BB-4466-A2A1-CF1F30B0BBBE}.WPFRelease|Any CPU.Build.0 = Release|Any CPU
		{4B811BB6-C27F-44B3-ADBD-CD047C4B5184}.Debug|Any CPU.ActiveCfg = Debug|Any CPU
		{4B811BB6-C27F-44B3-ADBD-CD047C4B5184}.Debug|Any CPU.Build.0 = Debug|Any CPU
		{4B811BB6-C27F-44B3-ADBD-CD047C4B5184}.DebugAndroid|Any CPU.ActiveCfg = Debug|Any CPU
		{4B811BB6-C27F-44B3-ADBD-CD047C4B5184}.DebugAndroid|Any CPU.Build.0 = Debug|Any CPU
		{4B811BB6-C27F-44B3-ADBD-CD047C4B5184}.DebugiOS|Any CPU.ActiveCfg = Debug|Any CPU
		{4B811BB6-C27F-44B3-ADBD-CD047C4B5184}.DebugiOS|Any CPU.Build.0 = Debug|Any CPU
		{4B811BB6-C27F-44B3-ADBD-CD047C4B5184}.Extension|Any CPU.ActiveCfg = Release|Any CPU
		{4B811BB6-C27F-44B3-ADBD-CD047C4B5184}.Extension|Any CPU.Build.0 = Release|Any CPU
		{4B811BB6-C27F-44B3-ADBD-CD047C4B5184}.Minimum|Any CPU.ActiveCfg = Release|Any CPU
		{4B811BB6-C27F-44B3-ADBD-CD047C4B5184}.Minimum|Any CPU.Build.0 = Release|Any CPU
		{4B811BB6-C27F-44B3-ADBD-CD047C4B5184}.Release|Any CPU.ActiveCfg = Release|Any CPU
		{4B811BB6-C27F-44B3-ADBD-CD047C4B5184}.Release|Any CPU.Build.0 = Release|Any CPU
		{4B811BB6-C27F-44B3-ADBD-CD047C4B5184}.WPFDebug|Any CPU.ActiveCfg = Debug|Any CPU
		{4B811BB6-C27F-44B3-ADBD-CD047C4B5184}.WPFDebug|Any CPU.Build.0 = Debug|Any CPU
		{4B811BB6-C27F-44B3-ADBD-CD047C4B5184}.WPFExtension|Any CPU.ActiveCfg = Release|Any CPU
		{4B811BB6-C27F-44B3-ADBD-CD047C4B5184}.WPFExtension|Any CPU.Build.0 = Release|Any CPU
		{4B811BB6-C27F-44B3-ADBD-CD047C4B5184}.WPFMinimum|Any CPU.ActiveCfg = Release|Any CPU
		{4B811BB6-C27F-44B3-ADBD-CD047C4B5184}.WPFMinimum|Any CPU.Build.0 = Release|Any CPU
		{4B811BB6-C27F-44B3-ADBD-CD047C4B5184}.WPFRelease|Any CPU.ActiveCfg = Release|Any CPU
		{4B811BB6-C27F-44B3-ADBD-CD047C4B5184}.WPFRelease|Any CPU.Build.0 = Release|Any CPU
		{2CBA09A1-ED18-4DD6-B206-9C204A7ECA11}.Debug|Any CPU.ActiveCfg = Debug|Any CPU
		{2CBA09A1-ED18-4DD6-B206-9C204A7ECA11}.Debug|Any CPU.Build.0 = Debug|Any CPU
		{2CBA09A1-ED18-4DD6-B206-9C204A7ECA11}.DebugAndroid|Any CPU.ActiveCfg = Debug|Any CPU
		{2CBA09A1-ED18-4DD6-B206-9C204A7ECA11}.DebugAndroid|Any CPU.Build.0 = Debug|Any CPU
		{2CBA09A1-ED18-4DD6-B206-9C204A7ECA11}.DebugiOS|Any CPU.ActiveCfg = Debug|Any CPU
		{2CBA09A1-ED18-4DD6-B206-9C204A7ECA11}.DebugiOS|Any CPU.Build.0 = Debug|Any CPU
		{2CBA09A1-ED18-4DD6-B206-9C204A7ECA11}.Extension|Any CPU.ActiveCfg = Release|Any CPU
		{2CBA09A1-ED18-4DD6-B206-9C204A7ECA11}.Extension|Any CPU.Build.0 = Release|Any CPU
		{2CBA09A1-ED18-4DD6-B206-9C204A7ECA11}.Minimum|Any CPU.ActiveCfg = Release|Any CPU
		{2CBA09A1-ED18-4DD6-B206-9C204A7ECA11}.Minimum|Any CPU.Build.0 = Release|Any CPU
		{2CBA09A1-ED18-4DD6-B206-9C204A7ECA11}.Release|Any CPU.ActiveCfg = Release|Any CPU
		{2CBA09A1-ED18-4DD6-B206-9C204A7ECA11}.Release|Any CPU.Build.0 = Release|Any CPU
		{2CBA09A1-ED18-4DD6-B206-9C204A7ECA11}.WPFDebug|Any CPU.ActiveCfg = Debug|Any CPU
		{2CBA09A1-ED18-4DD6-B206-9C204A7ECA11}.WPFDebug|Any CPU.Build.0 = Debug|Any CPU
		{2CBA09A1-ED18-4DD6-B206-9C204A7ECA11}.WPFExtension|Any CPU.ActiveCfg = Release|Any CPU
		{2CBA09A1-ED18-4DD6-B206-9C204A7ECA11}.WPFExtension|Any CPU.Build.0 = Release|Any CPU
		{2CBA09A1-ED18-4DD6-B206-9C204A7ECA11}.WPFMinimum|Any CPU.ActiveCfg = Release|Any CPU
		{2CBA09A1-ED18-4DD6-B206-9C204A7ECA11}.WPFMinimum|Any CPU.Build.0 = Release|Any CPU
		{2CBA09A1-ED18-4DD6-B206-9C204A7ECA11}.WPFRelease|Any CPU.ActiveCfg = Release|Any CPU
		{2CBA09A1-ED18-4DD6-B206-9C204A7ECA11}.WPFRelease|Any CPU.Build.0 = Release|Any CPU
		{DDE6FEC4-B3D4-434F-859B-049110EFD045}.Debug|Any CPU.ActiveCfg = Debug|Any CPU
		{DDE6FEC4-B3D4-434F-859B-049110EFD045}.Debug|Any CPU.Build.0 = Debug|Any CPU
		{DDE6FEC4-B3D4-434F-859B-049110EFD045}.DebugAndroid|Any CPU.ActiveCfg = Debug|Any CPU
		{DDE6FEC4-B3D4-434F-859B-049110EFD045}.DebugAndroid|Any CPU.Build.0 = Debug|Any CPU
		{DDE6FEC4-B3D4-434F-859B-049110EFD045}.DebugiOS|Any CPU.ActiveCfg = Debug|Any CPU
		{DDE6FEC4-B3D4-434F-859B-049110EFD045}.DebugiOS|Any CPU.Build.0 = Debug|Any CPU
		{DDE6FEC4-B3D4-434F-859B-049110EFD045}.Extension|Any CPU.ActiveCfg = Release|Any CPU
		{DDE6FEC4-B3D4-434F-859B-049110EFD045}.Extension|Any CPU.Build.0 = Release|Any CPU
		{DDE6FEC4-B3D4-434F-859B-049110EFD045}.Minimum|Any CPU.ActiveCfg = Release|Any CPU
		{DDE6FEC4-B3D4-434F-859B-049110EFD045}.Minimum|Any CPU.Build.0 = Release|Any CPU
		{DDE6FEC4-B3D4-434F-859B-049110EFD045}.Release|Any CPU.ActiveCfg = Release|Any CPU
		{DDE6FEC4-B3D4-434F-859B-049110EFD045}.Release|Any CPU.Build.0 = Release|Any CPU
		{DDE6FEC4-B3D4-434F-859B-049110EFD045}.WPFDebug|Any CPU.ActiveCfg = Debug|Any CPU
		{DDE6FEC4-B3D4-434F-859B-049110EFD045}.WPFDebug|Any CPU.Build.0 = Debug|Any CPU
		{DDE6FEC4-B3D4-434F-859B-049110EFD045}.WPFExtension|Any CPU.ActiveCfg = Release|Any CPU
		{DDE6FEC4-B3D4-434F-859B-049110EFD045}.WPFExtension|Any CPU.Build.0 = Release|Any CPU
		{DDE6FEC4-B3D4-434F-859B-049110EFD045}.WPFMinimum|Any CPU.ActiveCfg = Release|Any CPU
		{DDE6FEC4-B3D4-434F-859B-049110EFD045}.WPFMinimum|Any CPU.Build.0 = Release|Any CPU
		{DDE6FEC4-B3D4-434F-859B-049110EFD045}.WPFRelease|Any CPU.ActiveCfg = Release|Any CPU
		{DDE6FEC4-B3D4-434F-859B-049110EFD045}.WPFRelease|Any CPU.Build.0 = Release|Any CPU
		{8B62357A-ABBC-4DB0-8633-F1D6A6C1EA53}.Debug|Any CPU.ActiveCfg = Debug|Any CPU
		{8B62357A-ABBC-4DB0-8633-F1D6A6C1EA53}.Debug|Any CPU.Build.0 = Debug|Any CPU
		{8B62357A-ABBC-4DB0-8633-F1D6A6C1EA53}.DebugAndroid|Any CPU.ActiveCfg = DebugAndroid|Any CPU
		{8B62357A-ABBC-4DB0-8633-F1D6A6C1EA53}.DebugAndroid|Any CPU.Build.0 = DebugAndroid|Any CPU
		{8B62357A-ABBC-4DB0-8633-F1D6A6C1EA53}.DebugiOS|Any CPU.ActiveCfg = DebugiOS|Any CPU
		{8B62357A-ABBC-4DB0-8633-F1D6A6C1EA53}.DebugiOS|Any CPU.Build.0 = DebugiOS|Any CPU
		{8B62357A-ABBC-4DB0-8633-F1D6A6C1EA53}.Extension|Any CPU.ActiveCfg = Extension|Any CPU
		{8B62357A-ABBC-4DB0-8633-F1D6A6C1EA53}.Extension|Any CPU.Build.0 = Extension|Any CPU
		{8B62357A-ABBC-4DB0-8633-F1D6A6C1EA53}.Minimum|Any CPU.ActiveCfg = Minimum|Any CPU
		{8B62357A-ABBC-4DB0-8633-F1D6A6C1EA53}.Minimum|Any CPU.Build.0 = Minimum|Any CPU
		{8B62357A-ABBC-4DB0-8633-F1D6A6C1EA53}.Release|Any CPU.ActiveCfg = Release|Any CPU
		{8B62357A-ABBC-4DB0-8633-F1D6A6C1EA53}.Release|Any CPU.Build.0 = Release|Any CPU
		{8B62357A-ABBC-4DB0-8633-F1D6A6C1EA53}.WPFDebug|Any CPU.ActiveCfg = WPFDebug|Any CPU
		{8B62357A-ABBC-4DB0-8633-F1D6A6C1EA53}.WPFDebug|Any CPU.Build.0 = WPFDebug|Any CPU
		{8B62357A-ABBC-4DB0-8633-F1D6A6C1EA53}.WPFExtension|Any CPU.ActiveCfg = WPFExtension|Any CPU
		{8B62357A-ABBC-4DB0-8633-F1D6A6C1EA53}.WPFExtension|Any CPU.Build.0 = WPFExtension|Any CPU
		{8B62357A-ABBC-4DB0-8633-F1D6A6C1EA53}.WPFMinimum|Any CPU.ActiveCfg = WPFMinimum|Any CPU
		{8B62357A-ABBC-4DB0-8633-F1D6A6C1EA53}.WPFMinimum|Any CPU.Build.0 = WPFMinimum|Any CPU
		{8B62357A-ABBC-4DB0-8633-F1D6A6C1EA53}.WPFRelease|Any CPU.ActiveCfg = WPFRelease|Any CPU
		{8B62357A-ABBC-4DB0-8633-F1D6A6C1EA53}.WPFRelease|Any CPU.Build.0 = WPFRelease|Any CPU
		{9DF2B67B-5453-42B5-8CFC-3AB8C1CF3317}.Debug|Any CPU.ActiveCfg = Debug|Any CPU
		{9DF2B67B-5453-42B5-8CFC-3AB8C1CF3317}.Debug|Any CPU.Build.0 = Debug|Any CPU
		{9DF2B67B-5453-42B5-8CFC-3AB8C1CF3317}.DebugAndroid|Any CPU.ActiveCfg = Debug|Any CPU
		{9DF2B67B-5453-42B5-8CFC-3AB8C1CF3317}.DebugAndroid|Any CPU.Build.0 = Debug|Any CPU
		{9DF2B67B-5453-42B5-8CFC-3AB8C1CF3317}.DebugiOS|Any CPU.ActiveCfg = Debug|Any CPU
		{9DF2B67B-5453-42B5-8CFC-3AB8C1CF3317}.DebugiOS|Any CPU.Build.0 = Debug|Any CPU
		{9DF2B67B-5453-42B5-8CFC-3AB8C1CF3317}.Extension|Any CPU.ActiveCfg = Release|Any CPU
		{9DF2B67B-5453-42B5-8CFC-3AB8C1CF3317}.Extension|Any CPU.Build.0 = Release|Any CPU
		{9DF2B67B-5453-42B5-8CFC-3AB8C1CF3317}.Minimum|Any CPU.ActiveCfg = Release|Any CPU
		{9DF2B67B-5453-42B5-8CFC-3AB8C1CF3317}.Minimum|Any CPU.Build.0 = Release|Any CPU
		{9DF2B67B-5453-42B5-8CFC-3AB8C1CF3317}.Release|Any CPU.ActiveCfg = Release|Any CPU
		{9DF2B67B-5453-42B5-8CFC-3AB8C1CF3317}.Release|Any CPU.Build.0 = Release|Any CPU
		{9DF2B67B-5453-42B5-8CFC-3AB8C1CF3317}.WPFDebug|Any CPU.ActiveCfg = Debug|Any CPU
		{9DF2B67B-5453-42B5-8CFC-3AB8C1CF3317}.WPFDebug|Any CPU.Build.0 = Debug|Any CPU
		{9DF2B67B-5453-42B5-8CFC-3AB8C1CF3317}.WPFExtension|Any CPU.ActiveCfg = Release|Any CPU
		{9DF2B67B-5453-42B5-8CFC-3AB8C1CF3317}.WPFExtension|Any CPU.Build.0 = Release|Any CPU
		{9DF2B67B-5453-42B5-8CFC-3AB8C1CF3317}.WPFMinimum|Any CPU.ActiveCfg = Release|Any CPU
		{9DF2B67B-5453-42B5-8CFC-3AB8C1CF3317}.WPFMinimum|Any CPU.Build.0 = Release|Any CPU
		{9DF2B67B-5453-42B5-8CFC-3AB8C1CF3317}.WPFRelease|Any CPU.ActiveCfg = Release|Any CPU
		{9DF2B67B-5453-42B5-8CFC-3AB8C1CF3317}.WPFRelease|Any CPU.Build.0 = Release|Any CPU
		{69864F86-5943-434C-8CA2-8F8D10E86C8A}.Debug|Any CPU.ActiveCfg = Debug|Any CPU
		{69864F86-5943-434C-8CA2-8F8D10E86C8A}.Debug|Any CPU.Build.0 = Debug|Any CPU
		{69864F86-5943-434C-8CA2-8F8D10E86C8A}.DebugAndroid|Any CPU.ActiveCfg = Debug|Any CPU
		{69864F86-5943-434C-8CA2-8F8D10E86C8A}.DebugAndroid|Any CPU.Build.0 = Debug|Any CPU
		{69864F86-5943-434C-8CA2-8F8D10E86C8A}.DebugiOS|Any CPU.ActiveCfg = Debug|Any CPU
		{69864F86-5943-434C-8CA2-8F8D10E86C8A}.DebugiOS|Any CPU.Build.0 = Debug|Any CPU
		{69864F86-5943-434C-8CA2-8F8D10E86C8A}.Extension|Any CPU.ActiveCfg = Release|Any CPU
		{69864F86-5943-434C-8CA2-8F8D10E86C8A}.Extension|Any CPU.Build.0 = Release|Any CPU
		{69864F86-5943-434C-8CA2-8F8D10E86C8A}.Minimum|Any CPU.ActiveCfg = Release|Any CPU
		{69864F86-5943-434C-8CA2-8F8D10E86C8A}.Minimum|Any CPU.Build.0 = Release|Any CPU
		{69864F86-5943-434C-8CA2-8F8D10E86C8A}.Release|Any CPU.ActiveCfg = Release|Any CPU
		{69864F86-5943-434C-8CA2-8F8D10E86C8A}.Release|Any CPU.Build.0 = Release|Any CPU
		{69864F86-5943-434C-8CA2-8F8D10E86C8A}.WPFDebug|Any CPU.ActiveCfg = Debug|Any CPU
		{69864F86-5943-434C-8CA2-8F8D10E86C8A}.WPFDebug|Any CPU.Build.0 = Debug|Any CPU
		{69864F86-5943-434C-8CA2-8F8D10E86C8A}.WPFExtension|Any CPU.ActiveCfg = Release|Any CPU
		{69864F86-5943-434C-8CA2-8F8D10E86C8A}.WPFExtension|Any CPU.Build.0 = Release|Any CPU
		{69864F86-5943-434C-8CA2-8F8D10E86C8A}.WPFMinimum|Any CPU.ActiveCfg = Release|Any CPU
		{69864F86-5943-434C-8CA2-8F8D10E86C8A}.WPFMinimum|Any CPU.Build.0 = Release|Any CPU
		{69864F86-5943-434C-8CA2-8F8D10E86C8A}.WPFRelease|Any CPU.ActiveCfg = Release|Any CPU
		{69864F86-5943-434C-8CA2-8F8D10E86C8A}.WPFRelease|Any CPU.Build.0 = Release|Any CPU
	EndGlobalSection
	GlobalSection(SolutionProperties) = preSolution
		HideSolutionNode = FALSE
	EndGlobalSection
EndGlobal
